
Microsoft Visual Studio Solution File, Format Version 12.00
Project("{FAE04EC0-301F-11D3-BF4B-00C04F79EFBC}") = "Elves.Tests", "Elves.Tests\Elves.Tests.csproj", "{7A2B30E2-2FFC-4B1B-8D15-DE418791DE06}"
EndProject
Project("{FAE04EC0-301F-11D3-BF4B-00C04F79EFBC}") = "Elves", "Elves\Elves.csproj", "{D662AD2D-008B-4B6D-A2D1-C6BEB4DD5A57}"
EndProject
Global
	GlobalSection(SolutionConfigurationPlatforms) = preSolution
		Debug|Any CPU = Debug|Any CPU
		Release|Any CPU = Release|Any CPU
	EndGlobalSection
	GlobalSection(ProjectConfigurationPlatforms) = postSolution
		{7A2B30E2-2FFC-4B1B-8D15-DE418791DE06}.Debug|Any CPU.ActiveCfg = Debug|Any CPU
		{7A2B30E2-2FFC-4B1B-8D15-DE418791DE06}.Debug|Any CPU.Build.0 = Debug|Any CPU
		{7A2B30E2-2FFC-4B1B-8D15-DE418791DE06}.Release|Any CPU.ActiveCfg = Release|Any CPU
		{7A2B30E2-2FFC-4B1B-8D15-DE418791DE06}.Release|Any CPU.Build.0 = Release|Any CPU
		{D662AD2D-008B-4B6D-A2D1-C6BEB4DD5A57}.Debug|Any CPU.ActiveCfg = Debug|Any CPU
		{D662AD2D-008B-4B6D-A2D1-C6BEB4DD5A57}.Debug|Any CPU.Build.0 = Debug|Any CPU
		{D662AD2D-008B-4B6D-A2D1-C6BEB4DD5A57}.Release|Any CPU.ActiveCfg = Release|Any CPU
		{D662AD2D-008B-4B6D-A2D1-C6BEB4DD5A57}.Release|Any CPU.Build.0 = Release|Any CPU
	EndGlobalSection
EndGlobal
